
Microsoft Visual Studio Solution File, Format Version 12.00
# Visual Studio Version 17
VisualStudioVersion = 17.3.32825.248
MinimumVisualStudioVersion = 10.0.40219.1
Project("{9A19103F-16F7-4668-BE54-9A1E7A4F7556}") = "FileContainerNet", "FileContainerNet\FileContainerNet.csproj", "{A65CAAED-90F8-4528-9425-1D13F48AC387}"
EndProject
Global
	GlobalSection(SolutionConfigurationPlatforms) = preSolution
		Debug|Any CPU = Debug|Any CPU
		Release|Any CPU = Release|Any CPU
	EndGlobalSection
	GlobalSection(ProjectConfigurationPlatforms) = postSolution
		{A65CAAED-90F8-4528-9425-1D13F48AC387}.Debug|Any CPU.ActiveCfg = Debug|Any CPU
		{A65CAAED-90F8-4528-9425-1D13F48AC387}.Debug|Any CPU.Build.0 = Debug|Any CPU
		{A65CAAED-90F8-4528-9425-1D13F48AC387}.Release|Any CPU.ActiveCfg = Release|Any CPU
		{A65CAAED-90F8-4528-9425-1D13F48AC387}.Release|Any CPU.Build.0 = Release|Any CPU
	EndGlobalSection
	GlobalSection(SolutionProperties) = preSolution
		HideSolutionNode = FALSE
	EndGlobalSection
	GlobalSection(ExtensibilityGlobals) = postSolution
		SolutionGuid = {558A273F-1F7A-4DB8-9BBF-C35E99CED439}
	EndGlobalSection
EndGlobal
